
Microsoft Visual Studio Solution File, Format Version 12.00
# Visual Studio Version 16
VisualStudioVersion = 16.0.30611.23
MinimumVisualStudioVersion = 10.0.40219.1
Project("{FAE04EC0-301F-11D3-BF4B-00C04F79EFBC}") = "PraktikumWeek14", "PraktikumWeek14\PraktikumWeek14.csproj", "{F046BC5E-378F-44D2-BBCE-0413F14957D6}"
EndProject
Global
	GlobalSection(SolutionConfigurationPlatforms) = preSolution
		Debug|Any CPU = Debug|Any CPU
		Release|Any CPU = Release|Any CPU
	EndGlobalSection
	GlobalSection(ProjectConfigurationPlatforms) = postSolution
		{F046BC5E-378F-44D2-BBCE-0413F14957D6}.Debug|Any CPU.ActiveCfg = Debug|Any CPU
		{F046BC5E-378F-44D2-BBCE-0413F14957D6}.Debug|Any CPU.Build.0 = Debug|Any CPU
		{F046BC5E-378F-44D2-BBCE-0413F14957D6}.Release|Any CPU.ActiveCfg = Release|Any CPU
		{F046BC5E-378F-44D2-BBCE-0413F14957D6}.Release|Any CPU.Build.0 = Release|Any CPU
	EndGlobalSection
	GlobalSection(SolutionProperties) = preSolution
		HideSolutionNode = FALSE
	EndGlobalSection
	GlobalSection(ExtensibilityGlobals) = postSolution
		SolutionGuid = {F5D28DDE-CA13-47EC-A439-8620D1BFE95C}
	EndGlobalSection
EndGlobal
